
Microsoft Visual Studio Solution File, Format Version 12.00
# Visual Studio 15
Project("{FAE04EC0-301F-11D3-BF4B-00C04F79EFBC}") = "Assembly-CSharp", "Assembly-CSharp.csproj", "{2DD8331E-D927-63D7-C74D-4A2432F85D4E}"
EndProject
Project("{FAE04EC0-301F-11D3-BF4B-00C04F79EFBC}") = "Oculus.VR", "Oculus.VR.csproj", "{36CB722B-F47F-39C6-7759-40D1BF85F7EE}"
EndProject
Project("{FAE04EC0-301F-11D3-BF4B-00C04F79EFBC}") = "Oculus.Platform", "Oculus.Platform.csproj", "{BC1B3347-F135-50D3-6D27-788C2C22C26D}"
EndProject
Project("{FAE04EC0-301F-11D3-BF4B-00C04F79EFBC}") = "Assembly-CSharp-Editor", "Assembly-CSharp-Editor.csproj", "{4E2B2160-B642-E9A6-114A-C5DD844EFFE4}"
EndProject
Project("{FAE04EC0-301F-11D3-BF4B-00C04F79EFBC}") = "Oculus.VR.Scripts.Editor", "Oculus.VR.Scripts.Editor.csproj", "{25E501F2-5151-64AD-14EB-EE2E48FC65B2}"
EndProject
Project("{FAE04EC0-301F-11D3-BF4B-00C04F79EFBC}") = "Oculus.VR.Editor", "Oculus.VR.Editor.csproj", "{BD7BAB3E-C86E-1AC3-CCD0-23E41A24CAC6}"
EndProject
Project("{FAE04EC0-301F-11D3-BF4B-00C04F79EFBC}") = "Oculus.Platform.Editor", "Oculus.Platform.Editor.csproj", "{F978B45F-99B2-9AE0-15F4-A66C157732ED}"
EndProject
Global
	GlobalSection(SolutionConfigurationPlatforms) = preSolution
		Debug|Any CPU = Debug|Any CPU
		Release|Any CPU = Release|Any CPU
	EndGlobalSection
	GlobalSection(ProjectConfigurationPlatforms) = postSolution
		{2DD8331E-D927-63D7-C74D-4A2432F85D4E}.Debug|Any CPU.ActiveCfg = Debug|Any CPU
		{2DD8331E-D927-63D7-C74D-4A2432F85D4E}.Debug|Any CPU.Build.0 = Debug|Any CPU
		{2DD8331E-D927-63D7-C74D-4A2432F85D4E}.Release|Any CPU.ActiveCfg = Release|Any CPU
		{2DD8331E-D927-63D7-C74D-4A2432F85D4E}.Release|Any CPU.Build.0 = Release|Any CPU
		{36CB722B-F47F-39C6-7759-40D1BF85F7EE}.Debug|Any CPU.ActiveCfg = Debug|Any CPU
		{36CB722B-F47F-39C6-7759-40D1BF85F7EE}.Debug|Any CPU.Build.0 = Debug|Any CPU
		{36CB722B-F47F-39C6-7759-40D1BF85F7EE}.Release|Any CPU.ActiveCfg = Release|Any CPU
		{36CB722B-F47F-39C6-7759-40D1BF85F7EE}.Release|Any CPU.Build.0 = Release|Any CPU
		{BC1B3347-F135-50D3-6D27-788C2C22C26D}.Debug|Any CPU.ActiveCfg = Debug|Any CPU
		{BC1B3347-F135-50D3-6D27-788C2C22C26D}.Debug|Any CPU.Build.0 = Debug|Any CPU
		{BC1B3347-F135-50D3-6D27-788C2C22C26D}.Release|Any CPU.ActiveCfg = Release|Any CPU
		{BC1B3347-F135-50D3-6D27-788C2C22C26D}.Release|Any CPU.Build.0 = Release|Any CPU
		{4E2B2160-B642-E9A6-114A-C5DD844EFFE4}.Debug|Any CPU.ActiveCfg = Debug|Any CPU
		{4E2B2160-B642-E9A6-114A-C5DD844EFFE4}.Debug|Any CPU.Build.0 = Debug|Any CPU
		{4E2B2160-B642-E9A6-114A-C5DD844EFFE4}.Release|Any CPU.ActiveCfg = Release|Any CPU
		{4E2B2160-B642-E9A6-114A-C5DD844EFFE4}.Release|Any CPU.Build.0 = Release|Any CPU
		{25E501F2-5151-64AD-14EB-EE2E48FC65B2}.Debug|Any CPU.ActiveCfg = Debug|Any CPU
		{25E501F2-5151-64AD-14EB-EE2E48FC65B2}.Debug|Any CPU.Build.0 = Debug|Any CPU
		{25E501F2-5151-64AD-14EB-EE2E48FC65B2}.Release|Any CPU.ActiveCfg = Release|Any CPU
		{25E501F2-5151-64AD-14EB-EE2E48FC65B2}.Release|Any CPU.Build.0 = Release|Any CPU
		{BD7BAB3E-C86E-1AC3-CCD0-23E41A24CAC6}.Debug|Any CPU.ActiveCfg = Debug|Any CPU
		{BD7BAB3E-C86E-1AC3-CCD0-23E41A24CAC6}.Debug|Any CPU.Build.0 = Debug|Any CPU
		{BD7BAB3E-C86E-1AC3-CCD0-23E41A24CAC6}.Release|Any CPU.ActiveCfg = Release|Any CPU
		{BD7BAB3E-C86E-1AC3-CCD0-23E41A24CAC6}.Release|Any CPU.Build.0 = Release|Any CPU
		{F978B45F-99B2-9AE0-15F4-A66C157732ED}.Debug|Any CPU.ActiveCfg = Debug|Any CPU
		{F978B45F-99B2-9AE0-15F4-A66C157732ED}.Debug|Any CPU.Build.0 = Debug|Any CPU
		{F978B45F-99B2-9AE0-15F4-A66C157732ED}.Release|Any CPU.ActiveCfg = Release|Any CPU
		{F978B45F-99B2-9AE0-15F4-A66C157732ED}.Release|Any CPU.Build.0 = Release|Any CPU
	EndGlobalSection
	GlobalSection(SolutionProperties) = preSolution
		HideSolutionNode = FALSE
	EndGlobalSection
EndGlobal
